
Microsoft Visual Studio Solution File, Format Version 12.00
# Visual Studio Version 16
VisualStudioVersion = 16.0.30011.22
MinimumVisualStudioVersion = 10.0.40219.1
Project("{9A19103F-16F7-4668-BE54-9A1E7A4F7556}") = "MallWebAPI", "MallWebAPI\MallWebAPI.csproj", "{7A2E076B-9FF8-47F4-8471-D1501B4D1CE6}"
EndProject
Project("{9A19103F-16F7-4668-BE54-9A1E7A4F7556}") = "BusinessEntities", "BusinessEntities\BusinessEntities.csproj", "{6CC01B50-DA41-45E8-BFFF-8030DE67A764}"
EndProject
Project("{9A19103F-16F7-4668-BE54-9A1E7A4F7556}") = "BusinessServices", "BusinessService\BusinessServices.csproj", "{F5268BA5-DDE7-4101-AD5C-1852F3CE35EF}"
EndProject
Project("{9A19103F-16F7-4668-BE54-9A1E7A4F7556}") = "Repositories", "Repositories\Repositories.csproj", "{409A8878-7465-4EFF-901E-1F29C309327D}"
EndProject
Global
	GlobalSection(SolutionConfigurationPlatforms) = preSolution
		Debug|Any CPU = Debug|Any CPU
		Release|Any CPU = Release|Any CPU
	EndGlobalSection
	GlobalSection(ProjectConfigurationPlatforms) = postSolution
		{7A2E076B-9FF8-47F4-8471-D1501B4D1CE6}.Debug|Any CPU.ActiveCfg = Debug|Any CPU
		{7A2E076B-9FF8-47F4-8471-D1501B4D1CE6}.Debug|Any CPU.Build.0 = Debug|Any CPU
		{7A2E076B-9FF8-47F4-8471-D1501B4D1CE6}.Release|Any CPU.ActiveCfg = Release|Any CPU
		{7A2E076B-9FF8-47F4-8471-D1501B4D1CE6}.Release|Any CPU.Build.0 = Release|Any CPU
		{6CC01B50-DA41-45E8-BFFF-8030DE67A764}.Debug|Any CPU.ActiveCfg = Debug|Any CPU
		{6CC01B50-DA41-45E8-BFFF-8030DE67A764}.Debug|Any CPU.Build.0 = Debug|Any CPU
		{6CC01B50-DA41-45E8-BFFF-8030DE67A764}.Release|Any CPU.ActiveCfg = Release|Any CPU
		{6CC01B50-DA41-45E8-BFFF-8030DE67A764}.Release|Any CPU.Build.0 = Release|Any CPU
		{F5268BA5-DDE7-4101-AD5C-1852F3CE35EF}.Debug|Any CPU.ActiveCfg = Debug|Any CPU
		{F5268BA5-DDE7-4101-AD5C-1852F3CE35EF}.Debug|Any CPU.Build.0 = Debug|Any CPU
		{F5268BA5-DDE7-4101-AD5C-1852F3CE35EF}.Release|Any CPU.ActiveCfg = Release|Any CPU
		{F5268BA5-DDE7-4101-AD5C-1852F3CE35EF}.Release|Any CPU.Build.0 = Release|Any CPU
		{409A8878-7465-4EFF-901E-1F29C309327D}.Debug|Any CPU.ActiveCfg = Debug|Any CPU
		{409A8878-7465-4EFF-901E-1F29C309327D}.Debug|Any CPU.Build.0 = Debug|Any CPU
		{409A8878-7465-4EFF-901E-1F29C309327D}.Release|Any CPU.ActiveCfg = Release|Any CPU
		{409A8878-7465-4EFF-901E-1F29C309327D}.Release|Any CPU.Build.0 = Release|Any CPU
	EndGlobalSection
	GlobalSection(SolutionProperties) = preSolution
		HideSolutionNode = FALSE
	EndGlobalSection
	GlobalSection(ExtensibilityGlobals) = postSolution
		SolutionGuid = {56F497E6-7723-4EFB-9154-680E2E86C6AC}
	EndGlobalSection
EndGlobal
